
Microsoft Visual Studio Solution File, Format Version 12.00
# Visual Studio Version 16
VisualStudioVersion = 16.0.31624.102
MinimumVisualStudioVersion = 10.0.40219.1
Project("{FAE04EC0-301F-11D3-BF4B-00C04F79EFBC}") = "binaryIDE2.0", "binaryIDE2.0.csproj", "{B6F84BB5-368C-4148-A1C4-9BC6F44E2B1A}"
EndProject
Global
	GlobalSection(SolutionConfigurationPlatforms) = preSolution
		Debug|Any CPU = Debug|Any CPU
		Release|Any CPU = Release|Any CPU
	EndGlobalSection
	GlobalSection(ProjectConfigurationPlatforms) = postSolution
		{B6F84BB5-368C-4148-A1C4-9BC6F44E2B1A}.Debug|Any CPU.ActiveCfg = Debug|Any CPU
		{B6F84BB5-368C-4148-A1C4-9BC6F44E2B1A}.Debug|Any CPU.Build.0 = Debug|Any CPU
		{B6F84BB5-368C-4148-A1C4-9BC6F44E2B1A}.Release|Any CPU.ActiveCfg = Release|Any CPU
		{B6F84BB5-368C-4148-A1C4-9BC6F44E2B1A}.Release|Any CPU.Build.0 = Release|Any CPU
	EndGlobalSection
	GlobalSection(SolutionProperties) = preSolution
		HideSolutionNode = FALSE
	EndGlobalSection
	GlobalSection(ExtensibilityGlobals) = postSolution
		SolutionGuid = {F0CC731A-8D7D-432E-85F4-D4F3D9877BDF}
	EndGlobalSection
EndGlobal
